
Microsoft Visual Studio Solution File, Format Version 12.00
# Visual Studio Version 17
VisualStudioVersion = 17.9.34622.214
MinimumVisualStudioVersion = 10.0.40219.1
Project("{FAE04EC0-301F-11D3-BF4B-00C04F79EFBC}") = "Tutorial_UnitTest", "Tutorial_UnitTest\Tutorial_UnitTest.csproj", "{AF385748-304E-4633-AC89-DDC27136429F}"
EndProject
Global
	GlobalSection(SolutionConfigurationPlatforms) = preSolution
		Debug|Any CPU = Debug|Any CPU
		Release|Any CPU = Release|Any CPU
	EndGlobalSection
	GlobalSection(ProjectConfigurationPlatforms) = postSolution
		{AF385748-304E-4633-AC89-DDC27136429F}.Debug|Any CPU.ActiveCfg = Debug|Any CPU
		{AF385748-304E-4633-AC89-DDC27136429F}.Debug|Any CPU.Build.0 = Debug|Any CPU
		{AF385748-304E-4633-AC89-DDC27136429F}.Release|Any CPU.ActiveCfg = Release|Any CPU
		{AF385748-304E-4633-AC89-DDC27136429F}.Release|Any CPU.Build.0 = Release|Any CPU
	EndGlobalSection
	GlobalSection(SolutionProperties) = preSolution
		HideSolutionNode = FALSE
	EndGlobalSection
	GlobalSection(ExtensibilityGlobals) = postSolution
		SolutionGuid = {C7F6445E-465E-46A2-9196-A444ECF45981}
	EndGlobalSection
EndGlobal
